# This file is @generated by PDM.
# It is not intended for manual editing.

[[package]]
name = "google-trans-new"
version = "1.1.9"
summary = "A free and unlimited python tools for google translate api."

[metadata]
lock_version = "4.1"
content_hash = "sha256:c138795123e963941201450e31ac26b2560d1f7b52959890db2580e681d6e782"

[metadata.files]
"google-trans-new 1.1.9" = [
    {url = "https://files.pythonhosted.org/packages/4e/37/c4b72558b6b645bee86557479677c97e4161cb13fc3cc6ac55f872782559/google_trans_new-1.1.9.tar.gz", hash = "sha256:9f6643420334cc1b94ebd84e03774736e76c0564208efb1bc9c5019b9820e19b"},
    {url = "https://files.pythonhosted.org/packages/f9/7b/9f136106dc5824dc98185c97991d3cd9b53e70a197154dd49f7b899128f6/google_trans_new-1.1.9-py3-none-any.whl", hash = "sha256:796c20c73ad5f473f126f3b8cbdcaf3fa96e7eabef18e73aac9e4ccc68bb72ed"},
]
